// !$*UTF8*$!
{
	archiveVersion = 1;
	classes = {
	};
	objectVersion = 56;
	objects = {

/* Begin PBXBuildFile section */
		052DD6B02D4753CD003B7AD2 /* WordleApp.swift in Sources */ = {isa = PBXBuildFile; fileRef = 052DD6AF2D4753CD003B7AD2 /* WordleApp.swift */; };
		052DD6B22D4753CD003B7AD2 /* GameView.swift in Sources */ = {isa = PBXBuildFile; fileRef = 052DD6B12D4753CD003B7AD2 /* GameView.swift */; };
		052DD6B42D4753CE003B7AD2 /* Assets.xcassets in Resources */ = {isa = PBXBuildFile; fileRef = 052DD6B32D4753CE003B7AD2 /* Assets.xcassets */; };
		052DD6B72D4753CE003B7AD2 /* Preview Assets.xcassets in Resources */ = {isa = PBXBuildFile; fileRef = 052DD6B62D4753CE003B7AD2 /* Preview Assets.xcassets */; };
		052DD6BE2D4755C2003B7AD2 /* Launch Screen.storyboard in Resources */ = {isa = PBXBuildFile; fileRef = 052DD6BD2D4755C2003B7AD2 /* Launch Screen.storyboard */; };
		052DD6C12D47592B003B7AD2 /* Color+.swift in Sources */ = {isa = PBXBuildFile; fileRef = 052DD6C02D47592B003B7AD2 /* Color+.swift */; };
		052DD6C32D475A10003B7AD2 /* Guess.swift in Sources */ = {isa = PBXBuildFile; fileRef = 052DD6C22D475A10003B7AD2 /* Guess.swift */; };
		052DD6C72D475BF1003B7AD2 /* GuessView.swift in Sources */ = {isa = PBXBuildFile; fileRef = 052DD6C62D475BF1003B7AD2 /* GuessView.swift */; };
		052DD6CA2D475D80003B7AD2 /* WordleDataModel.swift in Sources */ = {isa = PBXBuildFile; fileRef = 052DD6C92D475D80003B7AD2 /* WordleDataModel.swift */; };
		052DD6CC2D47753F003B7AD2 /* Global.swift in Sources */ = {isa = PBXBuildFile; fileRef = 052DD6CB2D47753F003B7AD2 /* Global.swift */; };
/* End PBXBuildFile section */

/* Begin PBXFileReference section */
		052DD6AC2D4753CD003B7AD2 /* Wordle.app */ = {isa = PBXFileReference; explicitFileType = wrapper.application; includeInIndex = 0; path = Wordle.app; sourceTree = BUILT_PRODUCTS_DIR; };
		052DD6AF2D4753CD003B7AD2 /* WordleApp.swift */ = {isa = PBXFileReference; lastKnownFileType = sourcecode.swift; path = WordleApp.swift; sourceTree = "<group>"; };
		052DD6B12D4753CD003B7AD2 /* GameView.swift */ = {isa = PBXFileReference; lastKnownFileType = sourcecode.swift; path = GameView.swift; sourceTree = "<group>"; };
		052DD6B32D4753CE003B7AD2 /* Assets.xcassets */ = {isa = PBXFileReference; lastKnownFileType = folder.assetcatalog; path = Assets.xcassets; sourceTree = "<group>"; };
		052DD6B62D4753CE003B7AD2 /* Preview Assets.xcassets */ = {isa = PBXFileReference; lastKnownFileType = folder.assetcatalog; path = "Preview Assets.xcassets"; sourceTree = "<group>"; };
		052DD6BD2D4755C2003B7AD2 /* Launch Screen.storyboard */ = {isa = PBXFileReference; lastKnownFileType = file.storyboard; path = "Launch Screen.storyboard"; sourceTree = "<group>"; };
		052DD6C02D47592B003B7AD2 /* Color+.swift */ = {isa = PBXFileReference; lastKnownFileType = sourcecode.swift; path = "Color+.swift"; sourceTree = "<group>"; };
		052DD6C22D475A10003B7AD2 /* Guess.swift */ = {isa = PBXFileReference; lastKnownFileType = sourcecode.swift; path = Guess.swift; sourceTree = "<group>"; };
		052DD6C62D475BF1003B7AD2 /* GuessView.swift */ = {isa = PBXFileReference; lastKnownFileType = sourcecode.swift; path = GuessView.swift; sourceTree = "<group>"; };
		052DD6C92D475D80003B7AD2 /* WordleDataModel.swift */ = {isa = PBXFileReference; lastKnownFileType = sourcecode.swift; path = WordleDataModel.swift; sourceTree = "<group>"; };
		052DD6CB2D47753F003B7AD2 /* Global.swift */ = {isa = PBXFileReference; lastKnownFileType = sourcecode.swift; path = Global.swift; sourceTree = "<group>"; };
/* End PBXFileReference section */

/* Begin PBXFrameworksBuildPhase section */
		052DD6A92D4753CD003B7AD2 /* Frameworks */ = {
			isa = PBXFrameworksBuildPhase;
			buildActionMask = 2147483647;
			files = (
			);
			runOnlyForDeploymentPostprocessing = 0;
		};
/* End PBXFrameworksBuildPhase section */

/* Begin PBXGroup section */
		052DD6A32D4753CD003B7AD2 = {
			isa = PBXGroup;
			children = (
				052DD6AE2D4753CD003B7AD2 /* Wordle */,
				052DD6AD2D4753CD003B7AD2 /* Products */,
			);
			sourceTree = "<group>";
		};
		052DD6AD2D4753CD003B7AD2 /* Products */ = {
			isa = PBXGroup;
			children = (
				052DD6AC2D4753CD003B7AD2 /* Wordle.app */,
			);
			name = Products;
			sourceTree = "<group>";
		};
		052DD6AE2D4753CD003B7AD2 /* Wordle */ = {
			isa = PBXGroup;
			children = (
				052DD6AF2D4753CD003B7AD2 /* WordleApp.swift */,
				052DD6C82D475D6E003B7AD2 /* ViewModels */,
				052DD6C52D475BC6003B7AD2 /* Views */,
				052DD6C42D475B33003B7AD2 /* Models */,
				052DD6BF2D475914003B7AD2 /* Extensions */,
				052DD6B52D4753CE003B7AD2 /* Preview Content */,
				052DD6B32D4753CE003B7AD2 /* Assets.xcassets */,
				052DD6BD2D4755C2003B7AD2 /* Launch Screen.storyboard */,
			);
			path = Wordle;
			sourceTree = "<group>";
		};
		052DD6B52D4753CE003B7AD2 /* Preview Content */ = {
			isa = PBXGroup;
			children = (
				052DD6B62D4753CE003B7AD2 /* Preview Assets.xcassets */,
			);
			path = "Preview Content";
			sourceTree = "<group>";
		};
		052DD6BF2D475914003B7AD2 /* Extensions */ = {
			isa = PBXGroup;
			children = (
				052DD6C02D47592B003B7AD2 /* Color+.swift */,
			);
			path = Extensions;
			sourceTree = "<group>";
		};
		052DD6C42D475B33003B7AD2 /* Models */ = {
			isa = PBXGroup;
			children = (
				052DD6C22D475A10003B7AD2 /* Guess.swift */,
			);
			path = Models;
			sourceTree = "<group>";
		};
		052DD6C52D475BC6003B7AD2 /* Views */ = {
			isa = PBXGroup;
			children = (
				052DD6B12D4753CD003B7AD2 /* GameView.swift */,
				052DD6C62D475BF1003B7AD2 /* GuessView.swift */,
			);
			path = Views;
			sourceTree = "<group>";
		};
		052DD6C82D475D6E003B7AD2 /* ViewModels */ = {
			isa = PBXGroup;
			children = (
				052DD6C92D475D80003B7AD2 /* WordleDataModel.swift */,
				052DD6CB2D47753F003B7AD2 /* Global.swift */,
			);
			path = ViewModels;
			sourceTree = "<group>";
		};
/* End PBXGroup section */

/* Begin PBXNativeTarget section */
		052DD6AB2D4753CD003B7AD2 /* Wordle */ = {
			isa = PBXNativeTarget;
			buildConfigurationList = 052DD6BA2D4753CE003B7AD2 /* Build configuration list for PBXNativeTarget "Wordle" */;
			buildPhases = (
				052DD6A82D4753CD003B7AD2 /* Sources */,
				052DD6A92D4753CD003B7AD2 /* Frameworks */,
				052DD6AA2D4753CD003B7AD2 /* Resources */,
			);
			buildRules = (
			);
			dependencies = (
			);
			name = Wordle;
			productName = Wordle;
			productReference = 052DD6AC2D4753CD003B7AD2 /* Wordle.app */;
			productType = "com.apple.product-type.application";
		};
/* End PBXNativeTarget section */

/* Begin PBXProject section */
		052DD6A42D4753CD003B7AD2 /* Project object */ = {
			isa = PBXProject;
			attributes = {
				BuildIndependentTargetsInParallel = 1;
				LastSwiftUpdateCheck = 1520;
				LastUpgradeCheck = 1520;
				TargetAttributes = {
					052DD6AB2D4753CD003B7AD2 = {
						CreatedOnToolsVersion = 15.2;
					};
				};
			};
			buildConfigurationList = 052DD6A72D4753CD003B7AD2 /* Build configuration list for PBXProject "Wordle" */;
			compatibilityVersion = "Xcode 14.0";
			developmentRegion = en;
			hasScannedForEncodings = 0;
			knownRegions = (
				en,
				Base,
			);
			mainGroup = 052DD6A32D4753CD003B7AD2;
			productRefGroup = 052DD6AD2D4753CD003B7AD2 /* Products */;
			projectDirPath = "";
			projectRoot = "";
			targets = (
				052DD6AB2D4753CD003B7AD2 /* Wordle */,
			);
		};
/* End PBXProject section */

/* Begin PBXResourcesBuildPhase section */
		052DD6AA2D4753CD003B7AD2 /* Resources */ = {
			isa = PBXResourcesBuildPhase;
			buildActionMask = 2147483647;
			files = (
				052DD6BE2D4755C2003B7AD2 /* Launch Screen.storyboard in Resources */,
				052DD6B72D4753CE003B7AD2 /* Preview Assets.xcassets in Resources */,
				052DD6B42D4753CE003B7AD2 /* Assets.xcassets in Resources */,
			);
			runOnlyForDeploymentPostprocessing = 0;
		};
/* End PBXResourcesBuildPhase section */

/* Begin PBXSourcesBuildPhase section */
		052DD6A82D4753CD003B7AD2 /* Sources */ = {
			isa = PBXSourcesBuildPhase;
			buildActionMask = 2147483647;
			files = (
				052DD6B22D4753CD003B7AD2 /* GameView.swift in Sources */,
				052DD6C72D475BF1003B7AD2 /* GuessView.swift in Sources */,
				052DD6C32D475A10003B7AD2 /* Guess.swift in Sources */,
				052DD6C12D47592B003B7AD2 /* Color+.swift in Sources */,
				052DD6CA2D475D80003B7AD2 /* WordleDataModel.swift in Sources */,
				052DD6B02D4753CD003B7AD2 /* WordleApp.swift in Sources */,
				052DD6CC2D47753F003B7AD2 /* Global.swift in Sources */,
			);
			runOnlyForDeploymentPostprocessing = 0;
		};
/* End PBXSourcesBuildPhase section */

/* Begin XCBuildConfiguration section */
		052DD6B82D4753CE003B7AD2 /* Debug */ = {
			isa = XCBuildConfiguration;
			buildSettings = {
				ALWAYS_SEARCH_USER_PATHS = NO;
				ASSETCATALOG_COMPILER_GENERATE_SWIFT_ASSET_SYMBOL_EXTENSIONS = YES;
				CLANG_ANALYZER_NONNULL = YES;
				CLANG_ANALYZER_NUMBER_OBJECT_CONVERSION = YES_AGGRESSIVE;
				CLANG_CXX_LANGUAGE_STANDARD = "gnu++20";
				CLANG_ENABLE_MODULES = YES;
				CLANG_ENABLE_OBJC_ARC = YES;
				CLANG_ENABLE_OBJC_WEAK = YES;
				CLANG_WARN_BLOCK_CAPTURE_AUTORELEASING = YES;
				CLANG_WARN_BOOL_CONVERSION = YES;
				CLANG_WARN_COMMA = YES;
				CLANG_WARN_CONSTANT_CONVERSION = YES;
				CLANG_WARN_DEPRECATED_OBJC_IMPLEMENTATIONS = YES;
				CLANG_WARN_DIRECT_OBJC_ISA_USAGE = YES_ERROR;
				CLANG_WARN_DOCUMENTATION_COMMENTS = YES;
				CLANG_WARN_EMPTY_BODY = YES;
				CLANG_WARN_ENUM_CONVERSION = YES;
				CLANG_WARN_INFINITE_RECURSION = YES;
				CLANG_WARN_INT_CONVERSION = YES;
				CLANG_WARN_NON_LITERAL_NULL_CONVERSION = YES;
				CLANG_WARN_OBJC_IMPLICIT_RETAIN_SELF = YES;
				CLANG_WARN_OBJC_LITERAL_CONVERSION = YES;
				CLANG_WARN_OBJC_ROOT_CLASS = YES_ERROR;
				CLANG_WARN_QUOTED_INCLUDE_IN_FRAMEWORK_HEADER = YES;
				CLANG_WARN_RANGE_LOOP_ANALYSIS = YES;
				CLANG_WARN_STRICT_PROTOTYPES = YES;
				CLANG_WARN_SUSPICIOUS_MOVE = YES;
				CLANG_WARN_UNGUARDED_AVAILABILITY = YES_AGGRESSIVE;
				CLANG_WARN_UNREACHABLE_CODE = YES;
				CLANG_WARN__DUPLICATE_METHOD_MATCH = YES;
				COPY_PHASE_STRIP = NO;
				DEBUG_INFORMATION_FORMAT = dwarf;
				ENABLE_STRICT_OBJC_MSGSEND = YES;
				ENABLE_TESTABILITY = YES;
				ENABLE_USER_SCRIPT_SANDBOXING = YES;
				GCC_C_LANGUAGE_STANDARD = gnu17;
				GCC_DYNAMIC_NO_PIC = NO;
				GCC_NO_COMMON_BLOCKS = YES;
				GCC_OPTIMIZATION_LEVEL = 0;
				GCC_PREPROCESSOR_DEFINITIONS = (
					"DEBUG=1",
					"$(inherited)",
				);
				GCC_WARN_64_TO_32_BIT_CONVERSION = YES;
				GCC_WARN_ABOUT_RETURN_TYPE = YES_ERROR;
				GCC_WARN_UNDECLARED_SELECTOR = YES;
				GCC_WARN_UNINITIALIZED_AUTOS = YES_AGGRESSIVE;
				GCC_WARN_UNUSED_FUNCTION = YES;
				GCC_WARN_UNUSED_VARIABLE = YES;
				IPHONEOS_DEPLOYMENT_TARGET = 17.2;
				LOCALIZATION_PREFERS_STRING_CATALOGS = YES;
				MTL_ENABLE_DEBUG_INFO = INCLUDE_SOURCE;
				MTL_FAST_MATH = YES;
				ONLY_ACTIVE_ARCH = YES;
				SDKROOT = iphoneos;
				SWIFT_ACTIVE_COMPILATION_CONDITIONS = "DEBUG $(inherited)";
				SWIFT_OPTIMIZATION_LEVEL = "-Onone";
			};
			name = Debug;
		};
		052DD6B92D4753CE003B7AD2 /* Release */ = {
			isa = XCBuildConfiguration;
			buildSettings = {
				ALWAYS_SEARCH_USER_PATHS = NO;
				ASSETCATALOG_COMPILER_GENERATE_SWIFT_ASSET_SYMBOL_EXTENSIONS = YES;
				CLANG_ANALYZER_NONNULL = YES;
				CLANG_ANALYZER_NUMBER_OBJECT_CONVERSION = YES_AGGRESSIVE;
				CLANG_CXX_LANGUAGE_STANDARD = "gnu++20";
				CLANG_ENABLE_MODULES = YES;
				CLANG_ENABLE_OBJC_ARC = YES;
				CLANG_ENABLE_OBJC_WEAK = YES;
				CLANG_WARN_BLOCK_CAPTURE_AUTORELEASING = YES;
				CLANG_WARN_BOOL_CONVERSION = YES;
				CLANG_WARN_COMMA = YES;
				CLANG_WARN_CONSTANT_CONVERSION = YES;
				CLANG_WARN_DEPRECATED_OBJC_IMPLEMENTATIONS = YES;
				CLANG_WARN_DIRECT_OBJC_ISA_USAGE = YES_ERROR;
				CLANG_WARN_DOCUMENTATION_COMMENTS = YES;
				CLANG_WARN_EMPTY_BODY = YES;
				CLANG_WARN_ENUM_CONVERSION = YES;
				CLANG_WARN_INFINITE_RECURSION = YES;
				CLANG_WARN_INT_CONVERSION = YES;
				CLANG_WARN_NON_LITERAL_NULL_CONVERSION = YES;
				CLANG_WARN_OBJC_IMPLICIT_RETAIN_SELF = YES;
				CLANG_WARN_OBJC_LITERAL_CONVERSION = YES;
				CLANG_WARN_OBJC_ROOT_CLASS = YES_ERROR;
				CLANG_WARN_QUOTED_INCLUDE_IN_FRAMEWORK_HEADER = YES;
				CLANG_WARN_RANGE_LOOP_ANALYSIS = YES;
				CLANG_WARN_STRICT_PROTOTYPES = YES;
				CLANG_WARN_SUSPICIOUS_MOVE = YES;
				CLANG_WARN_UNGUARDED_AVAILABILITY = YES_AGGRESSIVE;
				CLANG_WARN_UNREACHABLE_CODE = YES;
				CLANG_WARN__DUPLICATE_METHOD_MATCH = YES;
				COPY_PHASE_STRIP = NO;
				DEBUG_INFORMATION_FORMAT = "dwarf-with-dsym";
				ENABLE_NS_ASSERTIONS = NO;
				ENABLE_STRICT_OBJC_MSGSEND = YES;
				ENABLE_USER_SCRIPT_SANDBOXING = YES;
				GCC_C_LANGUAGE_STANDARD = gnu17;
				GCC_NO_COMMON_BLOCKS = YES;
				GCC_WARN_64_TO_32_BIT_CONVERSION = YES;
				GCC_WARN_ABOUT_RETURN_TYPE = YES_ERROR;
				GCC_WARN_UNDECLARED_SELECTOR = YES;
				GCC_WARN_UNINITIALIZED_AUTOS = YES_AGGRESSIVE;
				GCC_WARN_UNUSED_FUNCTION = YES;
				GCC_WARN_UNUSED_VARIABLE = YES;
				IPHONEOS_DEPLOYMENT_TARGET = 17.2;
				LOCALIZATION_PREFERS_STRING_CATALOGS = YES;
				MTL_ENABLE_DEBUG_INFO = NO;
				MTL_FAST_MATH = YES;
				SDKROOT = iphoneos;
				SWIFT_COMPILATION_MODE = wholemodule;
				VALIDATE_PRODUCT = YES;
			};
			name = Release;
		};
		052DD6BB2D4753CE003B7AD2 /* Debug */ = {
			isa = XCBuildConfiguration;
			buildSettings = {
				ASSETCATALOG_COMPILER_APPICON_NAME = AppIcon;
				ASSETCATALOG_COMPILER_GLOBAL_ACCENT_COLOR_NAME = AccentColor;
				CODE_SIGN_STYLE = Automatic;
				CURRENT_PROJECT_VERSION = 1;
				DEVELOPMENT_ASSET_PATHS = "\"Wordle/Preview Content\"";
				DEVELOPMENT_TEAM = 36B5FN7KNK;
				ENABLE_PREVIEWS = YES;
				GENERATE_INFOPLIST_FILE = YES;
				INFOPLIST_KEY_UIApplicationSceneManifest_Generation = YES;
				INFOPLIST_KEY_UIApplicationSupportsIndirectInputEvents = YES;
				INFOPLIST_KEY_UILaunchScreen_Generation = YES;
				INFOPLIST_KEY_UILaunchStoryboardName = "Launch Screen.storyboard";
				INFOPLIST_KEY_UIRequiresFullScreen = YES;
				INFOPLIST_KEY_UISupportedInterfaceOrientations_iPad = "UIInterfaceOrientationPortrait UIInterfaceOrientationPortraitUpsideDown UIInterfaceOrientationLandscapeLeft UIInterfaceOrientationLandscapeRight";
				INFOPLIST_KEY_UISupportedInterfaceOrientations_iPhone = UIInterfaceOrientationPortrait;
				LD_RUNPATH_SEARCH_PATHS = (
					"$(inherited)",
					"@executable_path/Frameworks",
				);
				MARKETING_VERSION = 1.0;
				PRODUCT_BUNDLE_IDENTIFIER = andersonchen.practice.Wordle;
				PRODUCT_NAME = "$(TARGET_NAME)";
				SWIFT_EMIT_LOC_STRINGS = YES;
				SWIFT_VERSION = 5.0;
				TARGETED_DEVICE_FAMILY = "1,2";
			};
			name = Debug;
		};
		052DD6BC2D4753CE003B7AD2 /* Release */ = {
			isa = XCBuildConfiguration;
			buildSettings = {
				ASSETCATALOG_COMPILER_APPICON_NAME = AppIcon;
				ASSETCATALOG_COMPILER_GLOBAL_ACCENT_COLOR_NAME = AccentColor;
				CODE_SIGN_STYLE = Automatic;
				CURRENT_PROJECT_VERSION = 1;
				DEVELOPMENT_ASSET_PATHS = "\"Wordle/Preview Content\"";
				DEVELOPMENT_TEAM = 36B5FN7KNK;
				ENABLE_PREVIEWS = YES;
				GENERATE_INFOPLIST_FILE = YES;
				INFOPLIST_KEY_UIApplicationSceneManifest_Generation = YES;
				INFOPLIST_KEY_UIApplicationSupportsIndirectInputEvents = YES;
				INFOPLIST_KEY_UILaunchScreen_Generation = YES;
				INFOPLIST_KEY_UILaunchStoryboardName = "Launch Screen.storyboard";
				INFOPLIST_KEY_UIRequiresFullScreen = YES;
				INFOPLIST_KEY_UISupportedInterfaceOrientations_iPad = "UIInterfaceOrientationPortrait UIInterfaceOrientationPortraitUpsideDown UIInterfaceOrientationLandscapeLeft UIInterfaceOrientationLandscapeRight";
				INFOPLIST_KEY_UISupportedInterfaceOrientations_iPhone = UIInterfaceOrientationPortrait;
				LD_RUNPATH_SEARCH_PATHS = (
					"$(inherited)",
					"@executable_path/Frameworks",
				);
				MARKETING_VERSION = 1.0;
				PRODUCT_BUNDLE_IDENTIFIER = andersonchen.practice.Wordle;
				PRODUCT_NAME = "$(TARGET_NAME)";
				SWIFT_EMIT_LOC_STRINGS = YES;
				SWIFT_VERSION = 5.0;
				TARGETED_DEVICE_FAMILY = "1,2";
			};
			name = Release;
		};
/* End XCBuildConfiguration section */

/* Begin XCConfigurationList section */
		052DD6A72D4753CD003B7AD2 /* Build configuration list for PBXProject "Wordle" */ = {
			isa = XCConfigurationList;
			buildConfigurations = (
				052DD6B82D4753CE003B7AD2 /* Debug */,
				052DD6B92D4753CE003B7AD2 /* Release */,
			);
			defaultConfigurationIsVisible = 0;
			defaultConfigurationName = Release;
		};
		052DD6BA2D4753CE003B7AD2 /* Build configuration list for PBXNativeTarget "Wordle" */ = {
			isa = XCConfigurationList;
			buildConfigurations = (
				052DD6BB2D4753CE003B7AD2 /* Debug */,
				052DD6BC2D4753CE003B7AD2 /* Release */,
			);
			defaultConfigurationIsVisible = 0;
			defaultConfigurationName = Release;
		};
/* End XCConfigurationList section */
	};
	rootObject = 052DD6A42D4753CD003B7AD2 /* Project object */;
}
